// !$*UTF8*$!
{
	archiveVersion = 1;
	classes = {
	};
	objectVersion = 77;
	objects = {

/* Begin PBXContainerItemProxy section */
		BAEB532A2D46EABA00C8B218 /* PBXContainerItemProxy */ = {
			isa = PBXContainerItemProxy;
			containerPortal = BAEB53102D46EAB700C8B218 /* Project object */;
			proxyType = 1;
			remoteGlobalIDString = BAEB53172D46EAB700C8B218;
			remoteInfo = pkScreenshots;
		};
		BAEB53342D46EABA00C8B218 /* PBXContainerItemProxy */ = {
			isa = PBXContainerItemProxy;
			containerPortal = BAEB53102D46EAB700C8B218 /* Project object */;
			proxyType = 1;
			remoteGlobalIDString = BAEB53172D46EAB700C8B218;
			remoteInfo = pkScreenshots;
		};
/* End PBXContainerItemProxy section */

/* Begin PBXFileReference section */
		BAEB53182D46EAB700C8B218 /* pkScreenshots.app */ = {isa = PBXFileReference; explicitFileType = wrapper.application; includeInIndex = 0; path = pkScreenshots.app; sourceTree = BUILT_PRODUCTS_DIR; };
		BAEB53292D46EABA00C8B218 /* pkScreenshotsTests.xctest */ = {isa = PBXFileReference; explicitFileType = wrapper.cfbundle; includeInIndex = 0; path = pkScreenshotsTests.xctest; sourceTree = BUILT_PRODUCTS_DIR; };
		BAEB53332D46EABA00C8B218 /* pkScreenshotsUITests.xctest */ = {isa = PBXFileReference; explicitFileType = wrapper.cfbundle; includeInIndex = 0; path = pkScreenshotsUITests.xctest; sourceTree = BUILT_PRODUCTS_DIR; };
/* End PBXFileReference section */

/* Begin PBXFileSystemSynchronizedRootGroup section */
		BAEB531A2D46EAB700C8B218 /* pkScreenshots */ = {
			isa = PBXFileSystemSynchronizedRootGroup;
			path = pkScreenshots;
			sourceTree = "<group>";
		};
		BAEB532C2D46EABA00C8B218 /* pkScreenshotsTests */ = {
			isa = PBXFileSystemSynchronizedRootGroup;
			path = pkScreenshotsTests;
			sourceTree = "<group>";
		};
		BAEB53362D46EABA00C8B218 /* pkScreenshotsUITests */ = {
			isa = PBXFileSystemSynchronizedRootGroup;
			path = pkScreenshotsUITests;
			sourceTree = "<group>";
		};
/* End PBXFileSystemSynchronizedRootGroup section */

/* Begin PBXFrameworksBuildPhase section */
		BAEB53152D46EAB700C8B218 /* Frameworks */ = {
			isa = PBXFrameworksBuildPhase;
			buildActionMask = 2147483647;
			files = (
			);
			runOnlyForDeploymentPostprocessing = 0;
		};
		BAEB53262D46EABA00C8B218 /* Frameworks */ = {
			isa = PBXFrameworksBuildPhase;
			buildActionMask = 2147483647;
			files = (
			);
			runOnlyForDeploymentPostprocessing = 0;
		};
		BAEB53302D46EABA00C8B218 /* Frameworks */ = {
			isa = PBXFrameworksBuildPhase;
			buildActionMask = 2147483647;
			files = (
			);
			runOnlyForDeploymentPostprocessing = 0;
		};
/* End PBXFrameworksBuildPhase section */

/* Begin PBXGroup section */
		BAEB530F2D46EAB700C8B218 = {
			isa = PBXGroup;
			children = (
				BAEB531A2D46EAB700C8B218 /* pkScreenshots */,
				BAEB532C2D46EABA00C8B218 /* pkScreenshotsTests */,
				BAEB53362D46EABA00C8B218 /* pkScreenshotsUITests */,
				BAEB53192D46EAB700C8B218 /* Products */,
			);
			sourceTree = "<group>";
		};
		BAEB53192D46EAB700C8B218 /* Products */ = {
			isa = PBXGroup;
			children = (
				BAEB53182D46EAB700C8B218 /* pkScreenshots.app */,
				BAEB53292D46EABA00C8B218 /* pkScreenshotsTests.xctest */,
				BAEB53332D46EABA00C8B218 /* pkScreenshotsUITests.xctest */,
			);
			name = Products;
			sourceTree = "<group>";
		};
/* End PBXGroup section */

/* Begin PBXNativeTarget section */
		BAEB53172D46EAB700C8B218 /* pkScreenshots */ = {
			isa = PBXNativeTarget;
			buildConfigurationList = BAEB533D2D46EABA00C8B218 /* Build configuration list for PBXNativeTarget "pkScreenshots" */;
			buildPhases = (
				BAEB53142D46EAB700C8B218 /* Sources */,
				BAEB53152D46EAB700C8B218 /* Frameworks */,
				BAEB53162D46EAB700C8B218 /* Resources */,
			);
			buildRules = (
			);
			dependencies = (
			);
			fileSystemSynchronizedGroups = (
				BAEB531A2D46EAB700C8B218 /* pkScreenshots */,
			);
			name = pkScreenshots;
			packageProductDependencies = (
			);
			productName = pkScreenshots;
			productReference = BAEB53182D46EAB700C8B218 /* pkScreenshots.app */;
			productType = "com.apple.product-type.application";
		};
		BAEB53282D46EABA00C8B218 /* pkScreenshotsTests */ = {
			isa = PBXNativeTarget;
			buildConfigurationList = BAEB53402D46EABA00C8B218 /* Build configuration list for PBXNativeTarget "pkScreenshotsTests" */;
			buildPhases = (
				BAEB53252D46EABA00C8B218 /* Sources */,
				BAEB53262D46EABA00C8B218 /* Frameworks */,
				BAEB53272D46EABA00C8B218 /* Resources */,
			);
			buildRules = (
			);
			dependencies = (
				BAEB532B2D46EABA00C8B218 /* PBXTargetDependency */,
			);
			fileSystemSynchronizedGroups = (
				BAEB532C2D46EABA00C8B218 /* pkScreenshotsTests */,
			);
			name = pkScreenshotsTests;
			packageProductDependencies = (
			);
			productName = pkScreenshotsTests;
			productReference = BAEB53292D46EABA00C8B218 /* pkScreenshotsTests.xctest */;
			productType = "com.apple.product-type.bundle.unit-test";
		};
		BAEB53322D46EABA00C8B218 /* pkScreenshotsUITests */ = {
			isa = PBXNativeTarget;
			buildConfigurationList = BAEB53432D46EABA00C8B218 /* Build configuration list for PBXNativeTarget "pkScreenshotsUITests" */;
			buildPhases = (
				BAEB532F2D46EABA00C8B218 /* Sources */,
				BAEB53302D46EABA00C8B218 /* Frameworks */,
				BAEB53312D46EABA00C8B218 /* Resources */,
			);
			buildRules = (
			);
			dependencies = (
				BAEB53352D46EABA00C8B218 /* PBXTargetDependency */,
			);
			fileSystemSynchronizedGroups = (
				BAEB53362D46EABA00C8B218 /* pkScreenshotsUITests */,
			);
			name = pkScreenshotsUITests;
			packageProductDependencies = (
			);
			productName = pkScreenshotsUITests;
			productReference = BAEB53332D46EABA00C8B218 /* pkScreenshotsUITests.xctest */;
			productType = "com.apple.product-type.bundle.ui-testing";
		};
/* End PBXNativeTarget section */

/* Begin PBXProject section */
		BAEB53102D46EAB700C8B218 /* Project object */ = {
			isa = PBXProject;
			attributes = {
				BuildIndependentTargetsInParallel = 1;
				LastSwiftUpdateCheck = 1600;
				LastUpgradeCheck = 1600;
				TargetAttributes = {
					BAEB53172D46EAB700C8B218 = {
						CreatedOnToolsVersion = 16.0;
					};
					BAEB53282D46EABA00C8B218 = {
						CreatedOnToolsVersion = 16.0;
						TestTargetID = BAEB53172D46EAB700C8B218;
					};
					BAEB53322D46EABA00C8B218 = {
						CreatedOnToolsVersion = 16.0;
						TestTargetID = BAEB53172D46EAB700C8B218;
					};
				};
			};
			buildConfigurationList = BAEB53132D46EAB700C8B218 /* Build configuration list for PBXProject "pkScreenshots" */;
			developmentRegion = en;
			hasScannedForEncodings = 0;
			knownRegions = (
				en,
				Base,
			);
			mainGroup = BAEB530F2D46EAB700C8B218;
			minimizedProjectReferenceProxies = 1;
			preferredProjectObjectVersion = 77;
			productRefGroup = BAEB53192D46EAB700C8B218 /* Products */;
			projectDirPath = "";
			projectRoot = "";
			targets = (
				BAEB53172D46EAB700C8B218 /* pkScreenshots */,
				BAEB53282D46EABA00C8B218 /* pkScreenshotsTests */,
				BAEB53322D46EABA00C8B218 /* pkScreenshotsUITests */,
			);
		};
/* End PBXProject section */

/* Begin PBXResourcesBuildPhase section */
		BAEB53162D46EAB700C8B218 /* Resources */ = {
			isa = PBXResourcesBuildPhase;
			buildActionMask = 2147483647;
			files = (
			);
			runOnlyForDeploymentPostprocessing = 0;
		};
		BAEB53272D46EABA00C8B218 /* Resources */ = {
			isa = PBXResourcesBuildPhase;
			buildActionMask = 2147483647;
			files = (
			);
			runOnlyForDeploymentPostprocessing = 0;
		};
		BAEB53312D46EABA00C8B218 /* Resources */ = {
			isa = PBXResourcesBuildPhase;
			buildActionMask = 2147483647;
			files = (
			);
			runOnlyForDeploymentPostprocessing = 0;
		};
/* End PBXResourcesBuildPhase section */

/* Begin PBXSourcesBuildPhase section */
		BAEB53142D46EAB700C8B218 /* Sources */ = {
			isa = PBXSourcesBuildPhase;
			buildActionMask = 2147483647;
			files = (
			);
			runOnlyForDeploymentPostprocessing = 0;
		};
		BAEB53252D46EABA00C8B218 /* Sources */ = {
			isa = PBXSourcesBuildPhase;
			buildActionMask = 2147483647;
			files = (
			);
			runOnlyForDeploymentPostprocessing = 0;
		};
		BAEB532F2D46EABA00C8B218 /* Sources */ = {
			isa = PBXSourcesBuildPhase;
			buildActionMask = 2147483647;
			files = (
			);
			runOnlyForDeploymentPostprocessing = 0;
		};
/* End PBXSourcesBuildPhase section */

/* Begin PBXTargetDependency section */
		BAEB532B2D46EABA00C8B218 /* PBXTargetDependency */ = {
			isa = PBXTargetDependency;
			target = BAEB53172D46EAB700C8B218 /* pkScreenshots */;
			targetProxy = BAEB532A2D46EABA00C8B218 /* PBXContainerItemProxy */;
		};
		BAEB53352D46EABA00C8B218 /* PBXTargetDependency */ = {
			isa = PBXTargetDependency;
			target = BAEB53172D46EAB700C8B218 /* pkScreenshots */;
			targetProxy = BAEB53342D46EABA00C8B218 /* PBXContainerItemProxy */;
		};
/* End PBXTargetDependency section */

/* Begin XCBuildConfiguration section */
		BAEB533B2D46EABA00C8B218 /* Debug */ = {
			isa = XCBuildConfiguration;
			buildSettings = {
				ALWAYS_SEARCH_USER_PATHS = NO;
				ASSETCATALOG_COMPILER_GENERATE_SWIFT_ASSET_SYMBOL_EXTENSIONS = YES;
				CLANG_ANALYZER_NONNULL = YES;
				CLANG_ANALYZER_NUMBER_OBJECT_CONVERSION = YES_AGGRESSIVE;
				CLANG_CXX_LANGUAGE_STANDARD = "gnu++20";
				CLANG_ENABLE_MODULES = YES;
				CLANG_ENABLE_OBJC_ARC = YES;
				CLANG_ENABLE_OBJC_WEAK = YES;
				CLANG_WARN_BLOCK_CAPTURE_AUTORELEASING = YES;
				CLANG_WARN_BOOL_CONVERSION = YES;
				CLANG_WARN_COMMA = YES;
				CLANG_WARN_CONSTANT_CONVERSION = YES;
				CLANG_WARN_DEPRECATED_OBJC_IMPLEMENTATIONS = YES;
				CLANG_WARN_DIRECT_OBJC_ISA_USAGE = YES_ERROR;
				CLANG_WARN_DOCUMENTATION_COMMENTS = YES;
				CLANG_WARN_EMPTY_BODY = YES;
				CLANG_WARN_ENUM_CONVERSION = YES;
				CLANG_WARN_INFINITE_RECURSION = YES;
				CLANG_WARN_INT_CONVERSION = YES;
				CLANG_WARN_NON_LITERAL_NULL_CONVERSION = YES;
				CLANG_WARN_OBJC_IMPLICIT_RETAIN_SELF = YES;
				CLANG_WARN_OBJC_LITERAL_CONVERSION = YES;
				CLANG_WARN_OBJC_ROOT_CLASS = YES_ERROR;
				CLANG_WARN_QUOTED_INCLUDE_IN_FRAMEWORK_HEADER = YES;
				CLANG_WARN_RANGE_LOOP_ANALYSIS = YES;
				CLANG_WARN_STRICT_PROTOTYPES = YES;
				CLANG_WARN_SUSPICIOUS_MOVE = YES;
				CLANG_WARN_UNGUARDED_AVAILABILITY = YES_AGGRESSIVE;
				CLANG_WARN_UNREACHABLE_CODE = YES;
				CLANG_WARN__DUPLICATE_METHOD_MATCH = YES;
				COPY_PHASE_STRIP = NO;
				DEBUG_INFORMATION_FORMAT = dwarf;
				ENABLE_STRICT_OBJC_MSGSEND = YES;
				ENABLE_TESTABILITY = YES;
				ENABLE_USER_SCRIPT_SANDBOXING = YES;
				GCC_C_LANGUAGE_STANDARD = gnu17;
				GCC_DYNAMIC_NO_PIC = NO;
				GCC_NO_COMMON_BLOCKS = YES;
				GCC_OPTIMIZATION_LEVEL = 0;
				GCC_PREPROCESSOR_DEFINITIONS = (
					"DEBUG=1",
					"$(inherited)",
				);
				GCC_WARN_64_TO_32_BIT_CONVERSION = YES;
				GCC_WARN_ABOUT_RETURN_TYPE = YES_ERROR;
				GCC_WARN_UNDECLARED_SELECTOR = YES;
				GCC_WARN_UNINITIALIZED_AUTOS = YES_AGGRESSIVE;
				GCC_WARN_UNUSED_FUNCTION = YES;
				GCC_WARN_UNUSED_VARIABLE = YES;
				LOCALIZATION_PREFERS_STRING_CATALOGS = YES;
				MACOSX_DEPLOYMENT_TARGET = 15.0;
				MTL_ENABLE_DEBUG_INFO = INCLUDE_SOURCE;
				MTL_FAST_MATH = YES;
				ONLY_ACTIVE_ARCH = YES;
				SDKROOT = macosx;
				SWIFT_ACTIVE_COMPILATION_CONDITIONS = "DEBUG $(inherited)";
				SWIFT_OPTIMIZATION_LEVEL = "-Onone";
			};
			name = Debug;
		};
		BAEB533C2D46EABA00C8B218 /* Release */ = {
			isa = XCBuildConfiguration;
			buildSettings = {
				ALWAYS_SEARCH_USER_PATHS = NO;
				ASSETCATALOG_COMPILER_GENERATE_SWIFT_ASSET_SYMBOL_EXTENSIONS = YES;
				CLANG_ANALYZER_NONNULL = YES;
				CLANG_ANALYZER_NUMBER_OBJECT_CONVERSION = YES_AGGRESSIVE;
				CLANG_CXX_LANGUAGE_STANDARD = "gnu++20";
				CLANG_ENABLE_MODULES = YES;
				CLANG_ENABLE_OBJC_ARC = YES;
				CLANG_ENABLE_OBJC_WEAK = YES;
				CLANG_WARN_BLOCK_CAPTURE_AUTORELEASING = YES;
				CLANG_WARN_BOOL_CONVERSION = YES;
				CLANG_WARN_COMMA = YES;
				CLANG_WARN_CONSTANT_CONVERSION = YES;
				CLANG_WARN_DEPRECATED_OBJC_IMPLEMENTATIONS = YES;
				CLANG_WARN_DIRECT_OBJC_ISA_USAGE = YES_ERROR;
				CLANG_WARN_DOCUMENTATION_COMMENTS = YES;
				CLANG_WARN_EMPTY_BODY = YES;
				CLANG_WARN_ENUM_CONVERSION = YES;
				CLANG_WARN_INFINITE_RECURSION = YES;
				CLANG_WARN_INT_CONVERSION = YES;
				CLANG_WARN_NON_LITERAL_NULL_CONVERSION = YES;
				CLANG_WARN_OBJC_IMPLICIT_RETAIN_SELF = YES;
				CLANG_WARN_OBJC_LITERAL_CONVERSION = YES;
				CLANG_WARN_OBJC_ROOT_CLASS = YES_ERROR;
				CLANG_WARN_QUOTED_INCLUDE_IN_FRAMEWORK_HEADER = YES;
				CLANG_WARN_RANGE_LOOP_ANALYSIS = YES;
				CLANG_WARN_STRICT_PROTOTYPES = YES;
				CLANG_WARN_SUSPICIOUS_MOVE = YES;
				CLANG_WARN_UNGUARDED_AVAILABILITY = YES_AGGRESSIVE;
				CLANG_WARN_UNREACHABLE_CODE = YES;
				CLANG_WARN__DUPLICATE_METHOD_MATCH = YES;
				COPY_PHASE_STRIP = NO;
				DEBUG_INFORMATION_FORMAT = "dwarf-with-dsym";
				ENABLE_NS_ASSERTIONS = NO;
				ENABLE_STRICT_OBJC_MSGSEND = YES;
				ENABLE_USER_SCRIPT_SANDBOXING = YES;
				GCC_C_LANGUAGE_STANDARD = gnu17;
				GCC_NO_COMMON_BLOCKS = YES;
				GCC_WARN_64_TO_32_BIT_CONVERSION = YES;
				GCC_WARN_ABOUT_RETURN_TYPE = YES_ERROR;
				GCC_WARN_UNDECLARED_SELECTOR = YES;
				GCC_WARN_UNINITIALIZED_AUTOS = YES_AGGRESSIVE;
				GCC_WARN_UNUSED_FUNCTION = YES;
				GCC_WARN_UNUSED_VARIABLE = YES;
				LOCALIZATION_PREFERS_STRING_CATALOGS = YES;
				MACOSX_DEPLOYMENT_TARGET = 15.0;
				MTL_ENABLE_DEBUG_INFO = NO;
				MTL_FAST_MATH = YES;
				SDKROOT = macosx;
				SWIFT_COMPILATION_MODE = wholemodule;
			};
			name = Release;
		};
		BAEB533E2D46EABA00C8B218 /* Debug */ = {
			isa = XCBuildConfiguration;
			buildSettings = {
				ASSETCATALOG_COMPILER_APPICON_NAME = AppIcon;
				ASSETCATALOG_COMPILER_GLOBAL_ACCENT_COLOR_NAME = AccentColor;
				CODE_SIGN_ENTITLEMENTS = pkScreenshots/pkScreenshots.entitlements;
				CODE_SIGN_STYLE = Automatic;
				COMBINE_HIDPI_IMAGES = YES;
				CURRENT_PROJECT_VERSION = 1;
				DEVELOPMENT_ASSET_PATHS = "\"pkScreenshots/Preview Content\"";
				DEVELOPMENT_TEAM = NZDS56Z4Q9;
				ENABLE_HARDENED_RUNTIME = YES;
				ENABLE_PREVIEWS = YES;
				GENERATE_INFOPLIST_FILE = YES;
				INFOPLIST_KEY_NSHumanReadableCopyright = "";
				LD_RUNPATH_SEARCH_PATHS = (
					"$(inherited)",
					"@executable_path/../Frameworks",
				);
				MARKETING_VERSION = 1.0;
				PRODUCT_BUNDLE_IDENTIFIER = com.andrewhanshaw.pkScreenshots;
				PRODUCT_NAME = "$(TARGET_NAME)";
				SWIFT_EMIT_LOC_STRINGS = YES;
				SWIFT_VERSION = 5.0;
			};
			name = Debug;
		};
		BAEB533F2D46EABA00C8B218 /* Release */ = {
			isa = XCBuildConfiguration;
			buildSettings = {
				ASSETCATALOG_COMPILER_APPICON_NAME = AppIcon;
				ASSETCATALOG_COMPILER_GLOBAL_ACCENT_COLOR_NAME = AccentColor;
				CODE_SIGN_ENTITLEMENTS = pkScreenshots/pkScreenshots.entitlements;
				CODE_SIGN_STYLE = Automatic;
				COMBINE_HIDPI_IMAGES = YES;
				CURRENT_PROJECT_VERSION = 1;
				DEVELOPMENT_ASSET_PATHS = "\"pkScreenshots/Preview Content\"";
				DEVELOPMENT_TEAM = NZDS56Z4Q9;
				ENABLE_HARDENED_RUNTIME = YES;
				ENABLE_PREVIEWS = YES;
				GENERATE_INFOPLIST_FILE = YES;
				INFOPLIST_KEY_NSHumanReadableCopyright = "";
				LD_RUNPATH_SEARCH_PATHS = (
					"$(inherited)",
					"@executable_path/../Frameworks",
				);
				MARKETING_VERSION = 1.0;
				PRODUCT_BUNDLE_IDENTIFIER = com.andrewhanshaw.pkScreenshots;
				PRODUCT_NAME = "$(TARGET_NAME)";
				SWIFT_EMIT_LOC_STRINGS = YES;
				SWIFT_VERSION = 5.0;
			};
			name = Release;
		};
		BAEB53412D46EABA00C8B218 /* Debug */ = {
			isa = XCBuildConfiguration;
			buildSettings = {
				BUNDLE_LOADER = "$(TEST_HOST)";
				CODE_SIGN_STYLE = Automatic;
				CURRENT_PROJECT_VERSION = 1;
				DEVELOPMENT_TEAM = NZDS56Z4Q9;
				GENERATE_INFOPLIST_FILE = YES;
				MACOSX_DEPLOYMENT_TARGET = 15.0;
				MARKETING_VERSION = 1.0;
				PRODUCT_BUNDLE_IDENTIFIER = com.andrewhanshaw.pkScreenshotsTests;
				PRODUCT_NAME = "$(TARGET_NAME)";
				SWIFT_EMIT_LOC_STRINGS = NO;
				SWIFT_VERSION = 5.0;
				TEST_HOST = "$(BUILT_PRODUCTS_DIR)/pkScreenshots.app/$(BUNDLE_EXECUTABLE_FOLDER_PATH)/pkScreenshots";
			};
			name = Debug;
		};
		BAEB53422D46EABA00C8B218 /* Release */ = {
			isa = XCBuildConfiguration;
			buildSettings = {
				BUNDLE_LOADER = "$(TEST_HOST)";
				CODE_SIGN_STYLE = Automatic;
				CURRENT_PROJECT_VERSION = 1;
				DEVELOPMENT_TEAM = NZDS56Z4Q9;
				GENERATE_INFOPLIST_FILE = YES;
				MACOSX_DEPLOYMENT_TARGET = 15.0;
				MARKETING_VERSION = 1.0;
				PRODUCT_BUNDLE_IDENTIFIER = com.andrewhanshaw.pkScreenshotsTests;
				PRODUCT_NAME = "$(TARGET_NAME)";
				SWIFT_EMIT_LOC_STRINGS = NO;
				SWIFT_VERSION = 5.0;
				TEST_HOST = "$(BUILT_PRODUCTS_DIR)/pkScreenshots.app/$(BUNDLE_EXECUTABLE_FOLDER_PATH)/pkScreenshots";
			};
			name = Release;
		};
		BAEB53442D46EABA00C8B218 /* Debug */ = {
			isa = XCBuildConfiguration;
			buildSettings = {
				CODE_SIGN_STYLE = Automatic;
				CURRENT_PROJECT_VERSION = 1;
				DEVELOPMENT_TEAM = NZDS56Z4Q9;
				GENERATE_INFOPLIST_FILE = YES;
				MARKETING_VERSION = 1.0;
				PRODUCT_BUNDLE_IDENTIFIER = com.andrewhanshaw.pkScreenshotsUITests;
				PRODUCT_NAME = "$(TARGET_NAME)";
				SWIFT_EMIT_LOC_STRINGS = NO;
				SWIFT_VERSION = 5.0;
				TEST_TARGET_NAME = pkScreenshots;
			};
			name = Debug;
		};
		BAEB53452D46EABA00C8B218 /* Release */ = {
			isa = XCBuildConfiguration;
			buildSettings = {
				CODE_SIGN_STYLE = Automatic;
				CURRENT_PROJECT_VERSION = 1;
				DEVELOPMENT_TEAM = NZDS56Z4Q9;
				GENERATE_INFOPLIST_FILE = YES;
				MARKETING_VERSION = 1.0;
				PRODUCT_BUNDLE_IDENTIFIER = com.andrewhanshaw.pkScreenshotsUITests;
				PRODUCT_NAME = "$(TARGET_NAME)";
				SWIFT_EMIT_LOC_STRINGS = NO;
				SWIFT_VERSION = 5.0;
				TEST_TARGET_NAME = pkScreenshots;
			};
			name = Release;
		};
/* End XCBuildConfiguration section */

/* Begin XCConfigurationList section */
		BAEB53132D46EAB700C8B218 /* Build configuration list for PBXProject "pkScreenshots" */ = {
			isa = XCConfigurationList;
			buildConfigurations = (
				BAEB533B2D46EABA00C8B218 /* Debug */,
				BAEB533C2D46EABA00C8B218 /* Release */,
			);
			defaultConfigurationIsVisible = 0;
			defaultConfigurationName = Release;
		};
		BAEB533D2D46EABA00C8B218 /* Build configuration list for PBXNativeTarget "pkScreenshots" */ = {
			isa = XCConfigurationList;
			buildConfigurations = (
				BAEB533E2D46EABA00C8B218 /* Debug */,
				BAEB533F2D46EABA00C8B218 /* Release */,
			);
			defaultConfigurationIsVisible = 0;
			defaultConfigurationName = Release;
		};
		BAEB53402D46EABA00C8B218 /* Build configuration list for PBXNativeTarget "pkScreenshotsTests" */ = {
			isa = XCConfigurationList;
			buildConfigurations = (
				BAEB53412D46EABA00C8B218 /* Debug */,
				BAEB53422D46EABA00C8B218 /* Release */,
			);
			defaultConfigurationIsVisible = 0;
			defaultConfigurationName = Release;
		};
		BAEB53432D46EABA00C8B218 /* Build configuration list for PBXNativeTarget "pkScreenshotsUITests" */ = {
			isa = XCConfigurationList;
			buildConfigurations = (
				BAEB53442D46EABA00C8B218 /* Debug */,
				BAEB53452D46EABA00C8B218 /* Release */,
			);
			defaultConfigurationIsVisible = 0;
			defaultConfigurationName = Release;
		};
/* End XCConfigurationList section */
	};
	rootObject = BAEB53102D46EAB700C8B218 /* Project object */;
}
